
Microsoft Visual Studio Solution File, Format Version 12.00
# Visual Studio Version 16
VisualStudioVersion = 16.0.30611.23
MinimumVisualStudioVersion = 10.0.40219.1
Project("{2150E333-8FDC-42A3-9474-1A3956D46DE8}") = "web", "web", "{A3945105-1D75-413A-B839-65B459372BBE}"
EndProject
Project("{9A19103F-16F7-4668-BE54-9A1E7A4F7556}") = "Voicipher.Host", "src\web\Voicipher.Host\Voicipher.Host.csproj", "{6E9F8322-1F98-4F9F-95B1-AA5098008D93}"
EndProject
Project("{2150E333-8FDC-42A3-9474-1A3956D46DE8}") = "components", "components", "{3D87C66E-8F92-473F-843D-F5AA986BE154}"
EndProject
Project("{9A19103F-16F7-4668-BE54-9A1E7A4F7556}") = "Voicipher.DataAccess", "src\components\Voicipher.DataAccess\Voicipher.DataAccess.csproj", "{7B052347-63BE-4349-BA58-4103DFDF77E9}"
EndProject
Project("{9A19103F-16F7-4668-BE54-9A1E7A4F7556}") = "Voicipher.Business", "src\components\Voicipher.Business\Voicipher.Business.csproj", "{2C98E3E6-A813-4B4D-981F-05D249574391}"
EndProject
Project("{9A19103F-16F7-4668-BE54-9A1E7A4F7556}") = "Voicipher.Domain", "src\components\Voicipher.Domain\Voicipher.Domain.csproj", "{D27D61D5-FF66-4E9F-8038-8D7599EB67E0}"
EndProject
Project("{2150E333-8FDC-42A3-9474-1A3956D46DE8}") = "_global", "_global", "{80C926FE-554E-4C56-9B6C-855AF7C2ED1C}"
	ProjectSection(SolutionItems) = preProject
		src\global\Voicipher.CodeAnalysis.ruleset = src\global\Voicipher.CodeAnalysis.ruleset
	EndProjectSection
EndProject
Project("{9A19103F-16F7-4668-BE54-9A1E7A4F7556}") = "Voicipher.Common", "src\components\Voicipher.Common\Voicipher.Common.csproj", "{72BD5CB6-604D-45D2-91B2-EEF228959916}"
EndProject
Project("{2150E333-8FDC-42A3-9474-1A3956D46DE8}") = "tests", "tests", "{9BB10419-9BA9-4694-B0E4-373CA2E45F91}"
EndProject
Project("{FAE04EC0-301F-11D3-BF4B-00C04F79EFBC}") = "Voicipher.Business.Tests", "src\tests\Voicipher.Business.Tests\Voicipher.Business.Tests.csproj", "{C1BD4FD7-4265-4E48-80A9-C31243B7F410}"
EndProject
Global
	GlobalSection(SolutionConfigurationPlatforms) = preSolution
		Debug|Any CPU = Debug|Any CPU
		Release|Any CPU = Release|Any CPU
	EndGlobalSection
	GlobalSection(ProjectConfigurationPlatforms) = postSolution
		{6E9F8322-1F98-4F9F-95B1-AA5098008D93}.Debug|Any CPU.ActiveCfg = Debug|Any CPU
		{6E9F8322-1F98-4F9F-95B1-AA5098008D93}.Debug|Any CPU.Build.0 = Debug|Any CPU
		{6E9F8322-1F98-4F9F-95B1-AA5098008D93}.Release|Any CPU.ActiveCfg = Release|Any CPU
		{6E9F8322-1F98-4F9F-95B1-AA5098008D93}.Release|Any CPU.Build.0 = Release|Any CPU
		{7B052347-63BE-4349-BA58-4103DFDF77E9}.Debug|Any CPU.ActiveCfg = Debug|Any CPU
		{7B052347-63BE-4349-BA58-4103DFDF77E9}.Debug|Any CPU.Build.0 = Debug|Any CPU
		{7B052347-63BE-4349-BA58-4103DFDF77E9}.Release|Any CPU.ActiveCfg = Release|Any CPU
		{7B052347-63BE-4349-BA58-4103DFDF77E9}.Release|Any CPU.Build.0 = Release|Any CPU
		{2C98E3E6-A813-4B4D-981F-05D249574391}.Debug|Any CPU.ActiveCfg = Debug|Any CPU
		{2C98E3E6-A813-4B4D-981F-05D249574391}.Debug|Any CPU.Build.0 = Debug|Any CPU
		{2C98E3E6-A813-4B4D-981F-05D249574391}.Release|Any CPU.ActiveCfg = Release|Any CPU
		{2C98E3E6-A813-4B4D-981F-05D249574391}.Release|Any CPU.Build.0 = Release|Any CPU
		{D27D61D5-FF66-4E9F-8038-8D7599EB67E0}.Debug|Any CPU.ActiveCfg = Debug|Any CPU
		{D27D61D5-FF66-4E9F-8038-8D7599EB67E0}.Debug|Any CPU.Build.0 = Debug|Any CPU
		{D27D61D5-FF66-4E9F-8038-8D7599EB67E0}.Release|Any CPU.ActiveCfg = Release|Any CPU
		{D27D61D5-FF66-4E9F-8038-8D7599EB67E0}.Release|Any CPU.Build.0 = Release|Any CPU
		{72BD5CB6-604D-45D2-91B2-EEF228959916}.Debug|Any CPU.ActiveCfg = Debug|Any CPU
		{72BD5CB6-604D-45D2-91B2-EEF228959916}.Debug|Any CPU.Build.0 = Debug|Any CPU
		{72BD5CB6-604D-45D2-91B2-EEF228959916}.Release|Any CPU.ActiveCfg = Release|Any CPU
		{72BD5CB6-604D-45D2-91B2-EEF228959916}.Release|Any CPU.Build.0 = Release|Any CPU
		{C1BD4FD7-4265-4E48-80A9-C31243B7F410}.Debug|Any CPU.ActiveCfg = Debug|Any CPU
		{C1BD4FD7-4265-4E48-80A9-C31243B7F410}.Debug|Any CPU.Build.0 = Debug|Any CPU
		{C1BD4FD7-4265-4E48-80A9-C31243B7F410}.Release|Any CPU.ActiveCfg = Release|Any CPU
		{C1BD4FD7-4265-4E48-80A9-C31243B7F410}.Release|Any CPU.Build.0 = Release|Any CPU
	EndGlobalSection
	GlobalSection(SolutionProperties) = preSolution
		HideSolutionNode = FALSE
	EndGlobalSection
	GlobalSection(NestedProjects) = preSolution
		{6E9F8322-1F98-4F9F-95B1-AA5098008D93} = {A3945105-1D75-413A-B839-65B459372BBE}
		{7B052347-63BE-4349-BA58-4103DFDF77E9} = {3D87C66E-8F92-473F-843D-F5AA986BE154}
		{2C98E3E6-A813-4B4D-981F-05D249574391} = {3D87C66E-8F92-473F-843D-F5AA986BE154}
		{D27D61D5-FF66-4E9F-8038-8D7599EB67E0} = {3D87C66E-8F92-473F-843D-F5AA986BE154}
		{72BD5CB6-604D-45D2-91B2-EEF228959916} = {3D87C66E-8F92-473F-843D-F5AA986BE154}
		{C1BD4FD7-4265-4E48-80A9-C31243B7F410} = {9BB10419-9BA9-4694-B0E4-373CA2E45F91}
	EndGlobalSection
	GlobalSection(ExtensibilityGlobals) = postSolution
		SolutionGuid = {0701BE99-7471-42A6-B1A4-5F57527FF5AD}
	EndGlobalSection
EndGlobal
